
Microsoft Visual Studio Solution File, Format Version 12.00
# Visual Studio 2013
VisualStudioVersion = 12.0.40629.0
MinimumVisualStudioVersion = 10.0.40219.1
Project("{FAE04EC0-301F-11D3-BF4B-00C04F79EFBC}") = "ICW_FtpApp", "CWI_FtpApp\ICW_FtpApp.csproj", "{28B48039-863E-4EF1-9D90-95279C7D8D0F}"
EndProject
Project("{FAE04EC0-301F-11D3-BF4B-00C04F79EFBC}") = "Model", "Model\Model.csproj", "{FFE9D2BF-3E17-4437-852F-3DCC7E401334}"
EndProject
Project("{FAE04EC0-301F-11D3-BF4B-00C04F79EFBC}") = "Controllers", "ProcessController\Controllers.csproj", "{C7AD2289-B284-491E-974A-0CD69964D84A}"
EndProject
Project("{FAE04EC0-301F-11D3-BF4B-00C04F79EFBC}") = "MVC Views", "MVC Views\MVC Views.csproj", "{368D7FDC-7A88-4051-9A55-30C680FF68A2}"
EndProject
Project("{2150E333-8FDC-42A3-9474-1A3956D46DE8}") = "DAL", "DAL", "{005F5EA1-E0C9-48EE-8EBF-AD1A6FE2D3D0}"
EndProject
Project("{FAE04EC0-301F-11D3-BF4B-00C04F79EFBC}") = "DALICWService", "DALICWService\DALICWService.csproj", "{7B8A0A5D-0202-47AF-B118-FD7CD615F1BA}"
EndProject
Project("{6141683F-8A12-4E36-9623-2EB02B2C2303}") = "Setup", "Setup\Setup.isproj", "{1A6BAEC7-1273-47B8-BB72-71E71D37723A}"
	ProjectSection(ProjectDependencies) = postProject
		{C7AD2289-B284-491E-974A-0CD69964D84A} = {C7AD2289-B284-491E-974A-0CD69964D84A}
		{FFE9D2BF-3E17-4437-852F-3DCC7E401334} = {FFE9D2BF-3E17-4437-852F-3DCC7E401334}
	EndProjectSection
EndProject
Global
	GlobalSection(SolutionConfigurationPlatforms) = preSolution
		CD_ROM|Any CPU = CD_ROM|Any CPU
		Debug|Any CPU = Debug|Any CPU
		DVD-5|Any CPU = DVD-5|Any CPU
		Release|Any CPU = Release|Any CPU
		SingleImage|Any CPU = SingleImage|Any CPU
	EndGlobalSection
	GlobalSection(ProjectConfigurationPlatforms) = postSolution
		{28B48039-863E-4EF1-9D90-95279C7D8D0F}.CD_ROM|Any CPU.ActiveCfg = Release|Any CPU
		{28B48039-863E-4EF1-9D90-95279C7D8D0F}.CD_ROM|Any CPU.Build.0 = Release|Any CPU
		{28B48039-863E-4EF1-9D90-95279C7D8D0F}.Debug|Any CPU.ActiveCfg = Debug|Any CPU
		{28B48039-863E-4EF1-9D90-95279C7D8D0F}.Debug|Any CPU.Build.0 = Debug|Any CPU
		{28B48039-863E-4EF1-9D90-95279C7D8D0F}.DVD-5|Any CPU.ActiveCfg = Debug|Any CPU
		{28B48039-863E-4EF1-9D90-95279C7D8D0F}.DVD-5|Any CPU.Build.0 = Debug|Any CPU
		{28B48039-863E-4EF1-9D90-95279C7D8D0F}.Release|Any CPU.ActiveCfg = Release|Any CPU
		{28B48039-863E-4EF1-9D90-95279C7D8D0F}.Release|Any CPU.Build.0 = Release|Any CPU
		{28B48039-863E-4EF1-9D90-95279C7D8D0F}.SingleImage|Any CPU.ActiveCfg = Release|Any CPU
		{28B48039-863E-4EF1-9D90-95279C7D8D0F}.SingleImage|Any CPU.Build.0 = Release|Any CPU
		{FFE9D2BF-3E17-4437-852F-3DCC7E401334}.CD_ROM|Any CPU.ActiveCfg = Release|Any CPU
		{FFE9D2BF-3E17-4437-852F-3DCC7E401334}.CD_ROM|Any CPU.Build.0 = Release|Any CPU
		{FFE9D2BF-3E17-4437-852F-3DCC7E401334}.Debug|Any CPU.ActiveCfg = Debug|Any CPU
		{FFE9D2BF-3E17-4437-852F-3DCC7E401334}.Debug|Any CPU.Build.0 = Debug|Any CPU
		{FFE9D2BF-3E17-4437-852F-3DCC7E401334}.DVD-5|Any CPU.ActiveCfg = Debug|Any CPU
		{FFE9D2BF-3E17-4437-852F-3DCC7E401334}.DVD-5|Any CPU.Build.0 = Debug|Any CPU
		{FFE9D2BF-3E17-4437-852F-3DCC7E401334}.Release|Any CPU.ActiveCfg = Release|Any CPU
		{FFE9D2BF-3E17-4437-852F-3DCC7E401334}.Release|Any CPU.Build.0 = Release|Any CPU
		{FFE9D2BF-3E17-4437-852F-3DCC7E401334}.SingleImage|Any CPU.ActiveCfg = Release|Any CPU
		{FFE9D2BF-3E17-4437-852F-3DCC7E401334}.SingleImage|Any CPU.Build.0 = Release|Any CPU
		{C7AD2289-B284-491E-974A-0CD69964D84A}.CD_ROM|Any CPU.ActiveCfg = Release|Any CPU
		{C7AD2289-B284-491E-974A-0CD69964D84A}.CD_ROM|Any CPU.Build.0 = Release|Any CPU
		{C7AD2289-B284-491E-974A-0CD69964D84A}.Debug|Any CPU.ActiveCfg = Debug|Any CPU
		{C7AD2289-B284-491E-974A-0CD69964D84A}.Debug|Any CPU.Build.0 = Debug|Any CPU
		{C7AD2289-B284-491E-974A-0CD69964D84A}.DVD-5|Any CPU.ActiveCfg = Debug|Any CPU
		{C7AD2289-B284-491E-974A-0CD69964D84A}.DVD-5|Any CPU.Build.0 = Debug|Any CPU
		{C7AD2289-B284-491E-974A-0CD69964D84A}.Release|Any CPU.ActiveCfg = Release|Any CPU
		{C7AD2289-B284-491E-974A-0CD69964D84A}.Release|Any CPU.Build.0 = Release|Any CPU
		{C7AD2289-B284-491E-974A-0CD69964D84A}.SingleImage|Any CPU.ActiveCfg = Release|Any CPU
		{C7AD2289-B284-491E-974A-0CD69964D84A}.SingleImage|Any CPU.Build.0 = Release|Any CPU
		{368D7FDC-7A88-4051-9A55-30C680FF68A2}.CD_ROM|Any CPU.ActiveCfg = Release|Any CPU
		{368D7FDC-7A88-4051-9A55-30C680FF68A2}.Debug|Any CPU.ActiveCfg = Debug|Any CPU
		{368D7FDC-7A88-4051-9A55-30C680FF68A2}.Debug|Any CPU.Build.0 = Debug|Any CPU
		{368D7FDC-7A88-4051-9A55-30C680FF68A2}.DVD-5|Any CPU.ActiveCfg = Debug|Any CPU
		{368D7FDC-7A88-4051-9A55-30C680FF68A2}.Release|Any CPU.ActiveCfg = Release|Any CPU
		{368D7FDC-7A88-4051-9A55-30C680FF68A2}.Release|Any CPU.Build.0 = Release|Any CPU
		{368D7FDC-7A88-4051-9A55-30C680FF68A2}.SingleImage|Any CPU.ActiveCfg = Release|Any CPU
		{7B8A0A5D-0202-47AF-B118-FD7CD615F1BA}.CD_ROM|Any CPU.ActiveCfg = Release|Any CPU
		{7B8A0A5D-0202-47AF-B118-FD7CD615F1BA}.Debug|Any CPU.ActiveCfg = Debug|Any CPU
		{7B8A0A5D-0202-47AF-B118-FD7CD615F1BA}.Debug|Any CPU.Build.0 = Debug|Any CPU
		{7B8A0A5D-0202-47AF-B118-FD7CD615F1BA}.DVD-5|Any CPU.ActiveCfg = Debug|Any CPU
		{7B8A0A5D-0202-47AF-B118-FD7CD615F1BA}.Release|Any CPU.ActiveCfg = Release|Any CPU
		{7B8A0A5D-0202-47AF-B118-FD7CD615F1BA}.Release|Any CPU.Build.0 = Release|Any CPU
		{7B8A0A5D-0202-47AF-B118-FD7CD615F1BA}.SingleImage|Any CPU.ActiveCfg = Release|Any CPU
		{1A6BAEC7-1273-47B8-BB72-71E71D37723A}.CD_ROM|Any CPU.ActiveCfg = CD_ROM
		{1A6BAEC7-1273-47B8-BB72-71E71D37723A}.CD_ROM|Any CPU.Build.0 = CD_ROM
		{1A6BAEC7-1273-47B8-BB72-71E71D37723A}.Debug|Any CPU.ActiveCfg = DVD-5
		{1A6BAEC7-1273-47B8-BB72-71E71D37723A}.Debug|Any CPU.Build.0 = DVD-5
		{1A6BAEC7-1273-47B8-BB72-71E71D37723A}.DVD-5|Any CPU.ActiveCfg = DVD-5
		{1A6BAEC7-1273-47B8-BB72-71E71D37723A}.DVD-5|Any CPU.Build.0 = DVD-5
		{1A6BAEC7-1273-47B8-BB72-71E71D37723A}.Release|Any CPU.ActiveCfg = SingleImage
		{1A6BAEC7-1273-47B8-BB72-71E71D37723A}.Release|Any CPU.Build.0 = SingleImage
		{1A6BAEC7-1273-47B8-BB72-71E71D37723A}.SingleImage|Any CPU.ActiveCfg = SingleImage
		{1A6BAEC7-1273-47B8-BB72-71E71D37723A}.SingleImage|Any CPU.Build.0 = SingleImage
	EndGlobalSection
	GlobalSection(SolutionProperties) = preSolution
		HideSolutionNode = FALSE
	EndGlobalSection
	GlobalSection(NestedProjects) = preSolution
		{7B8A0A5D-0202-47AF-B118-FD7CD615F1BA} = {005F5EA1-E0C9-48EE-8EBF-AD1A6FE2D3D0}
	EndGlobalSection
EndGlobal
